PODS:
  - Alamofire (3.4.0)
  - BTNavigationDropdownMenu (0.3)
  - NVActivityIndicatorView (2.7)
  - PMAlertController (1.0.4)
  - SwiftyJSON (2.3.2)
  - TransitionAnimation (3.0.4):
    - TransitionTreasury (~> 3.0)
  - TransitionTreasury (3.0.4)

DEPENDENCIES:
  - Alamofire (~> 3.4)
  - BTNavigationDropdownMenu
  - NVActivityIndicatorView
  - PMAlertController
  - SwiftyJSON (from `https://github.com/SwiftyJSON/SwiftyJSON.git`)
  - TransitionAnimation (~> 3.0.4)

EXTERNAL SOURCES:
  SwiftyJSON:
    :git: https://github.com/SwiftyJSON/SwiftyJSON.git

CHECKOUT OPTIONS:
  SwiftyJSON:
    :commit: 2a5b70f06001316d4fb54501edc70b4084705da0
    :git: https://github.com/SwiftyJSON/SwiftyJSON.git

SPEC CHECKSUMS:
  Alamofire: c19a627cefd6a95f840401c49ab1f124e07f54ee
  BTNavigationDropdownMenu: c36d20785253699046fdd295698c24b1d1c18f53
  NVActivityIndicatorView: dc80f18fb27ac92f0aa87246cc13dc39ed3e9ee0
  PMAlertController: 7f969c937a80bea634a5bf957b66943b493e1aca
  SwiftyJSON: 04ccea08915aa0109039157c7974cf0298da292a
  TransitionAnimation: d761c1a338f5333f4b02a184935e61a8dc14d0e4
  TransitionTreasury: 7228b7758ba4b742e152a198dbe6ca1e46b43949

PODFILE CHECKSUM: 6f7738070cd000b854c2853c374f555ea8b97e4c

COCOAPODS: 1.0.1
